
Microsoft Visual Studio Solution File, Format Version 12.00
# Visual Studio Version 17
VisualStudioVersion = 17.8.34525.116
MinimumVisualStudioVersion = 10.0.40219.1
Project("{9A19103F-16F7-4668-BE54-9A1E7A4F7556}") = "AspnetCore_MVC", "AspnetCore_MVC\AspnetCore_MVC.csproj", "{AAA0116E-C386-49BB-BD1E-84A92A08E34D}"
EndProject
Global
	GlobalSection(SolutionConfigurationPlatforms) = preSolution
		Debug|Any CPU = Debug|Any CPU
		Release|Any CPU = Release|Any CPU
	EndGlobalSection
	GlobalSection(ProjectConfigurationPlatforms) = postSolution
		{AAA0116E-C386-49BB-BD1E-84A92A08E34D}.Debug|Any CPU.ActiveCfg = Debug|Any CPU
		{AAA0116E-C386-49BB-BD1E-84A92A08E34D}.Debug|Any CPU.Build.0 = Debug|Any CPU
		{AAA0116E-C386-49BB-BD1E-84A92A08E34D}.Release|Any CPU.ActiveCfg = Release|Any CPU
		{AAA0116E-C386-49BB-BD1E-84A92A08E34D}.Release|Any CPU.Build.0 = Release|Any CPU
	EndGlobalSection
	GlobalSection(SolutionProperties) = preSolution
		HideSolutionNode = FALSE
	EndGlobalSection
	GlobalSection(ExtensibilityGlobals) = postSolution
		SolutionGuid = {0C1ECCB0-A090-4C61-A67A-DAFF293B0D90}
	EndGlobalSection
EndGlobal
